
Microsoft Visual Studio Solution File, Format Version 12.00
# Visual Studio 2013
VisualStudioVersion = 12.0.30723.0
MinimumVisualStudioVersion = 10.0.40219.1
Project("{FAE04EC0-301F-11D3-BF4B-00C04F79EFBC}") = "NetBotsClient.Host", "NetBotsClient.Host\NetBotsClient.Host.csproj", "{6072449E-379C-47B7-8BEE-F64379E1389C}"
EndProject
Project("{FAE04EC0-301F-11D3-BF4B-00C04F79EFBC}") = "NetBotsClient.Models", "NetBotsClient.Models\NetBotsClient.Models.csproj", "{C7FDE4BD-A9B7-4B17-A740-1FCDC975F591}"
EndProject
Project("{FAE04EC0-301F-11D3-BF4B-00C04F79EFBC}") = "NetBotsClient.Ai", "NetBotsClient.Ai\NetBotsClient.Ai.csproj", "{29F439F2-6789-4846-A682-7E81ABCE414D}"
EndProject
Project("{FAE04EC0-301F-11D3-BF4B-00C04F79EFBC}") = "NetBotsClient.Test", "NetBotsClient.Test\NetBotsClient.Test.csproj", "{0927C320-5F53-48C8-BC04-252AFE4A2BCF}"
EndProject
Project("{FAE04EC0-301F-11D3-BF4B-00C04F79EFBC}") = "NetBots.Web", "core\Source\Engine\NetBots.Web\NetBots.Web.csproj", "{96ADD411-CEDB-4089-8E9A-02257175D90F}"
EndProject
Global
	GlobalSection(SolutionConfigurationPlatforms) = preSolution
		Debug|Any CPU = Debug|Any CPU
		Release|Any CPU = Release|Any CPU
	EndGlobalSection
	GlobalSection(ProjectConfigurationPlatforms) = postSolution
		{6072449E-379C-47B7-8BEE-F64379E1389C}.Debug|Any CPU.ActiveCfg = Debug|Any CPU
		{6072449E-379C-47B7-8BEE-F64379E1389C}.Debug|Any CPU.Build.0 = Debug|Any CPU
		{6072449E-379C-47B7-8BEE-F64379E1389C}.Release|Any CPU.ActiveCfg = Release|Any CPU
		{6072449E-379C-47B7-8BEE-F64379E1389C}.Release|Any CPU.Build.0 = Release|Any CPU
		{C7FDE4BD-A9B7-4B17-A740-1FCDC975F591}.Debug|Any CPU.ActiveCfg = Debug|Any CPU
		{C7FDE4BD-A9B7-4B17-A740-1FCDC975F591}.Debug|Any CPU.Build.0 = Debug|Any CPU
		{C7FDE4BD-A9B7-4B17-A740-1FCDC975F591}.Release|Any CPU.ActiveCfg = Release|Any CPU
		{C7FDE4BD-A9B7-4B17-A740-1FCDC975F591}.Release|Any CPU.Build.0 = Release|Any CPU
		{29F439F2-6789-4846-A682-7E81ABCE414D}.Debug|Any CPU.ActiveCfg = Debug|Any CPU
		{29F439F2-6789-4846-A682-7E81ABCE414D}.Debug|Any CPU.Build.0 = Debug|Any CPU
		{29F439F2-6789-4846-A682-7E81ABCE414D}.Release|Any CPU.ActiveCfg = Release|Any CPU
		{29F439F2-6789-4846-A682-7E81ABCE414D}.Release|Any CPU.Build.0 = Release|Any CPU
		{0927C320-5F53-48C8-BC04-252AFE4A2BCF}.Debug|Any CPU.ActiveCfg = Debug|Any CPU
		{0927C320-5F53-48C8-BC04-252AFE4A2BCF}.Debug|Any CPU.Build.0 = Debug|Any CPU
		{0927C320-5F53-48C8-BC04-252AFE4A2BCF}.Release|Any CPU.ActiveCfg = Release|Any CPU
		{0927C320-5F53-48C8-BC04-252AFE4A2BCF}.Release|Any CPU.Build.0 = Release|Any CPU
		{96ADD411-CEDB-4089-8E9A-02257175D90F}.Debug|Any CPU.ActiveCfg = Debug|Any CPU
		{96ADD411-CEDB-4089-8E9A-02257175D90F}.Debug|Any CPU.Build.0 = Debug|Any CPU
		{96ADD411-CEDB-4089-8E9A-02257175D90F}.Release|Any CPU.ActiveCfg = Release|Any CPU
		{96ADD411-CEDB-4089-8E9A-02257175D90F}.Release|Any CPU.Build.0 = Release|Any CPU
	EndGlobalSection
	GlobalSection(SolutionProperties) = preSolution
		HideSolutionNode = FALSE
	EndGlobalSection
EndGlobal
